// !$*UTF8*$!
{
	archiveVersion = 1;
	classes = {
	};
	objectVersion = 51;
	objects = {

/* Begin PBXBuildFile section */
		13BF9F48132201067B973D54 /* Pods_PitTime_PitTimeUITests.framework in Frameworks */ = {isa = PBXBuildFile; fileRef = E3D15A2C3048B5B410BC38E7 /* Pods_PitTime_PitTimeUITests.framework */; };
		259D3770C1F2D026A04C04DC /* Pods_PitTimeTests.framework in Frameworks */ = {isa = PBXBuildFile; fileRef = 4377777F5C6B1DA1BF3997E6 /* Pods_PitTimeTests.framework */; };
		766BC46F330BBEE1234698C9 /* Pods_PitTime.framework in Frameworks */ = {isa = PBXBuildFile; fileRef = 398F1940113472F2E216EE04 /* Pods_PitTime.framework */; };
		92226CD325786BA3003213CD /* Assets.xcassets in Resources */ = {isa = PBXBuildFile; fileRef = 92226CD225786BA3003213CD /* Assets.xcassets */; };
		92226CE72578A827003213CD /* SignInAnonymous.swift in Sources */ = {isa = PBXBuildFile; fileRef = 92226CE62578A827003213CD /* SignInAnonymous.swift */; };
		922732862574AF1500FE37EC /* SettingsRowView.swift in Sources */ = {isa = PBXBuildFile; fileRef = 922732852574AF1500FE37EC /* SettingsRowView.swift */; };
		9227328B2574BAF900FE37EC /* DataService.swift in Sources */ = {isa = PBXBuildFile; fileRef = 9227328A2574BAF900FE37EC /* DataService.swift */; };
		9234A0D0256B7AED00F8D835 /* HomeView.swift in Sources */ = {isa = PBXBuildFile; fileRef = 9234A0CF256B7AED00F8D835 /* HomeView.swift */; };
		9234A0D8256B7B0C00F8D835 /* UploadView.swift in Sources */ = {isa = PBXBuildFile; fileRef = 9234A0D7256B7B0C00F8D835 /* UploadView.swift */; };
		9234A0DD256B7B2300F8D835 /* ProfileView.swift in Sources */ = {isa = PBXBuildFile; fileRef = 9234A0DC256B7B2300F8D835 /* ProfileView.swift */; };
		9234A0E2256B7CE000F8D835 /* SignUpView.swift in Sources */ = {isa = PBXBuildFile; fileRef = 9234A0E1256B7CE000F8D835 /* SignUpView.swift */; };
		9234A0EE256B7FA500F8D835 /* Extensions.swift in Sources */ = {isa = PBXBuildFile; fileRef = 9234A0ED256B7FA500F8D835 /* Extensions.swift */; };
		9234A0F7256B83EB00F8D835 /* PitArrayObject.swift in Sources */ = {isa = PBXBuildFile; fileRef = 9234A0F6256B83EB00F8D835 /* PitArrayObject.swift */; };
		9234A0FF256B840900F8D835 /* PitModel.swift in Sources */ = {isa = PBXBuildFile; fileRef = 9234A0FE256B840900F8D835 /* PitModel.swift */; };
		9234A10A256B881E00F8D835 /* CardView.swift in Sources */ = {isa = PBXBuildFile; fileRef = 9234A109256B881E00F8D835 /* CardView.swift */; };
		9234A118256C9F6E00F8D835 /* NFCWrite.swift in Sources */ = {isa = PBXBuildFile; fileRef = 9234A117256C9F6E00F8D835 /* NFCWrite.swift */; };
		9234A11D256CA04000F8D835 /* DateFormatter.swift in Sources */ = {isa = PBXBuildFile; fileRef = 9234A11C256CA04000F8D835 /* DateFormatter.swift */; };
		9234A126256CAE6100F8D835 /* Enum & Structs.swift in Sources */ = {isa = PBXBuildFile; fileRef = 9234A125256CAE6100F8D835 /* Enum & Structs.swift */; };
		926F328A256DDFCC004E1251 /* GoogleService-Info.plist in Resources */ = {isa = PBXBuildFile; fileRef = 926F3289256DDFCC004E1251 /* GoogleService-Info.plist */; };
		926F328B256DDFCC004E1251 /* GoogleService-Info.plist in Resources */ = {isa = PBXBuildFile; fileRef = 926F3289256DDFCC004E1251 /* GoogleService-Info.plist */; };
		926F328C256DDFCC004E1251 /* GoogleService-Info.plist in Resources */ = {isa = PBXBuildFile; fileRef = 926F3289256DDFCC004E1251 /* GoogleService-Info.plist */; };
		9274F7E6256DE7870091D593 /* OnboardingView.swift in Sources */ = {isa = PBXBuildFile; fileRef = 9274F7E5256DE7870091D593 /* OnboardingView.swift */; };
		9274F7EC256DECC40091D593 /* AuthService.swift in Sources */ = {isa = PBXBuildFile; fileRef = 9274F7EB256DECC40091D593 /* AuthService.swift */; };
		9274F81F256DEFC70091D593 /* SignInWithApple.swift in Sources */ = {isa = PBXBuildFile; fileRef = 9274F81E256DEFC70091D593 /* SignInWithApple.swift */; };
		9274F827256E287D0091D593 /* OnboardingViewPart2.swift in Sources */ = {isa = PBXBuildFile; fileRef = 9274F826256E287D0091D593 /* OnboardingViewPart2.swift */; };
		9274F82C256E2C4D0091D593 /* SignInWithAppleButtonCustom.swift in Sources */ = {isa = PBXBuildFile; fileRef = 9274F82B256E2C4D0091D593 /* SignInWithAppleButtonCustom.swift */; };
		9274F837256E2FEB0091D593 /* SignInWithGoogle.swift in Sources */ = {isa = PBXBuildFile; fileRef = 9274F836256E2FEB0091D593 /* SignInWithGoogle.swift */; };
		9274F83C256F347D0091D593 /* SettingsView.swift in Sources */ = {isa = PBXBuildFile; fileRef = 9274F83B256F347D0091D593 /* SettingsView.swift */; };
		9274F844256F34E90091D593 /* ProfileHeaderView.swift in Sources */ = {isa = PBXBuildFile; fileRef = 9274F843256F34E90091D593 /* ProfileHeaderView.swift */; };
		92895C102574847D00330927 /* SettingsLabelView.swift in Sources */ = {isa = PBXBuildFile; fileRef = 92895C0F2574847C00330927 /* SettingsLabelView.swift */; };
		9293F67E25785CA900B208B6 /* LaunchScreen.storyboard in Resources */ = {isa = PBXBuildFile; fileRef = 9293F67D25785CA900B208B6 /* LaunchScreen.storyboard */; };
		929CC6C4256CBB4E00AC85DC /* RealmDataService.swift in Sources */ = {isa = PBXBuildFile; fileRef = 929CC6C3256CBB4E00AC85DC /* RealmDataService.swift */; };
		92C55A5C256B77FF0091C1C4 /* PitTimeApp.swift in Sources */ = {isa = PBXBuildFile; fileRef = 92C55A5B256B77FF0091C1C4 /* PitTimeApp.swift */; };
		92C55A5E256B77FF0091C1C4 /* ContentView.swift in Sources */ = {isa = PBXBuildFile; fileRef = 92C55A5D256B77FF0091C1C4 /* ContentView.swift */; };
		92C55A63256B78010091C1C4 /* Preview Assets.xcassets in Resources */ = {isa = PBXBuildFile; fileRef = 92C55A62256B78010091C1C4 /* Preview Assets.xcassets */; };
		92C55A6E256B78020091C1C4 /* PitTimeTests.swift in Sources */ = {isa = PBXBuildFile; fileRef = 92C55A6D256B78020091C1C4 /* PitTimeTests.swift */; };
		92C55A79256B78020091C1C4 /* PitTimeUITests.swift in Sources */ = {isa = PBXBuildFile; fileRef = 92C55A78256B78020091C1C4 /* PitTimeUITests.swift */; };
/* End PBXBuildFile section */

/* Begin PBXContainerItemProxy section */
		92C55A6A256B78020091C1C4 /* PBXContainerItemProxy */ = {
			isa = PBXContainerItemProxy;
			containerPortal = 92C55A50256B77FF0091C1C4 /* Project object */;
			proxyType = 1;
			remoteGlobalIDString = 92C55A57256B77FF0091C1C4;
			remoteInfo = PitTime;
		};
		92C55A75256B78020091C1C4 /* PBXContainerItemProxy */ = {
			isa = PBXContainerItemProxy;
			containerPortal = 92C55A50256B77FF0091C1C4 /* Project object */;
			proxyType = 1;
			remoteGlobalIDString = 92C55A57256B77FF0091C1C4;
			remoteInfo = PitTime;
		};
/* End PBXContainerItemProxy section */

/* Begin PBXFileReference section */
		398F1940113472F2E216EE04 /* Pods_PitTime.framework */ = {isa = PBXFileReference; explicitFileType = wrapper.framework; includeInIndex = 0; path = Pods_PitTime.framework; sourceTree = BUILT_PRODUCTS_DIR; };
		4377777F5C6B1DA1BF3997E6 /* Pods_PitTimeTests.framework */ = {isa = PBXFileReference; explicitFileType = wrapper.framework; includeInIndex = 0; path = Pods_PitTimeTests.framework; sourceTree = BUILT_PRODUCTS_DIR; };
		92226CD225786BA3003213CD /* Assets.xcassets */ = {isa = PBXFileReference; lastKnownFileType = folder.assetcatalog; path = Assets.xcassets; sourceTree = "<group>"; };
		92226CE62578A827003213CD /* SignInAnonymous.swift */ = {isa = PBXFileReference; lastKnownFileType = sourcecode.swift; path = SignInAnonymous.swift; sourceTree = "<group>"; };
		922732852574AF1500FE37EC /* SettingsRowView.swift */ = {isa = PBXFileReference; lastKnownFileType = sourcecode.swift; path = SettingsRowView.swift; sourceTree = "<group>"; };
		9227328A2574BAF900FE37EC /* DataService.swift */ = {isa = PBXFileReference; lastKnownFileType = sourcecode.swift; path = DataService.swift; sourceTree = "<group>"; };
		9234A0CF256B7AED00F8D835 /* HomeView.swift */ = {isa = PBXFileReference; lastKnownFileType = sourcecode.swift; path = HomeView.swift; sourceTree = "<group>"; };
		9234A0D7256B7B0C00F8D835 /* UploadView.swift */ = {isa = PBXFileReference; lastKnownFileType = sourcecode.swift; path = UploadView.swift; sourceTree = "<group>"; };
		9234A0DC256B7B2300F8D835 /* ProfileView.swift */ = {isa = PBXFileReference; lastKnownFileType = sourcecode.swift; path = ProfileView.swift; sourceTree = "<group>"; };
		9234A0E1256B7CE000F8D835 /* SignUpView.swift */ = {isa = PBXFileReference; lastKnownFileType = sourcecode.swift; path = SignUpView.swift; sourceTree = "<group>"; };
		9234A0ED256B7FA500F8D835 /* Extensions.swift */ = {isa = PBXFileReference; lastKnownFileType = sourcecode.swift; path = Extensions.swift; sourceTree = "<group>"; };
		9234A0F6256B83EB00F8D835 /* PitArrayObject.swift */ = {isa = PBXFileReference; lastKnownFileType = sourcecode.swift; path = PitArrayObject.swift; sourceTree = "<group>"; };
		9234A0FE256B840900F8D835 /* PitModel.swift */ = {isa = PBXFileReference; lastKnownFileType = sourcecode.swift; path = PitModel.swift; sourceTree = "<group>"; };
		9234A109256B881E00F8D835 /* CardView.swift */ = {isa = PBXFileReference; lastKnownFileType = sourcecode.swift; path = CardView.swift; sourceTree = "<group>"; };
		9234A117256C9F6E00F8D835 /* NFCWrite.swift */ = {isa = PBXFileReference; lastKnownFileType = sourcecode.swift; path = NFCWrite.swift; sourceTree = "<group>"; };
		9234A11C256CA04000F8D835 /* DateFormatter.swift */ = {isa = PBXFileReference; lastKnownFileType = sourcecode.swift; path = DateFormatter.swift; sourceTree = "<group>"; };
		9234A121256CA28800F8D835 /* PitTime.entitlements */ = {isa = PBXFileReference; lastKnownFileType = text.plist.entitlements; path = PitTime.entitlements; sourceTree = "<group>"; };
		9234A125256CAE6100F8D835 /* Enum & Structs.swift */ = {isa = PBXFileReference; lastKnownFileType = sourcecode.swift; path = "Enum & Structs.swift"; sourceTree = "<group>"; };
		926F3289256DDFCC004E1251 /* GoogleService-Info.plist */ = {isa = PBXFileReference; fileEncoding = 4; lastKnownFileType = text.plist.xml; name = "GoogleService-Info.plist"; path = "../../GoogleService-Info/PitTime/GoogleService-Info.plist"; sourceTree = "<group>"; };
		9274F7E5256DE7870091D593 /* OnboardingView.swift */ = {isa = PBXFileReference; lastKnownFileType = sourcecode.swift; path = OnboardingView.swift; sourceTree = "<group>"; };
		9274F7EB256DECC40091D593 /* AuthService.swift */ = {isa = PBXFileReference; lastKnownFileType = sourcecode.swift; path = AuthService.swift; sourceTree = "<group>"; };
		9274F81E256DEFC70091D593 /* SignInWithApple.swift */ = {isa = PBXFileReference; lastKnownFileType = sourcecode.swift; path = SignInWithApple.swift; sourceTree = "<group>"; };
		9274F826256E287D0091D593 /* OnboardingViewPart2.swift */ = {isa = PBXFileReference; lastKnownFileType = sourcecode.swift; path = OnboardingViewPart2.swift; sourceTree = "<group>"; };
		9274F82B256E2C4D0091D593 /* SignInWithAppleButtonCustom.swift */ = {isa = PBXFileReference; lastKnownFileType = sourcecode.swift; path = SignInWithAppleButtonCustom.swift; sourceTree = "<group>"; };
		9274F836256E2FEB0091D593 /* SignInWithGoogle.swift */ = {isa = PBXFileReference; lastKnownFileType = sourcecode.swift; name = SignInWithGoogle.swift; path = Views/SignInWithGoogle.swift; sourceTree = "<group>"; };
		9274F83B256F347D0091D593 /* SettingsView.swift */ = {isa = PBXFileReference; lastKnownFileType = sourcecode.swift; path = SettingsView.swift; sourceTree = "<group>"; };
		9274F843256F34E90091D593 /* ProfileHeaderView.swift */ = {isa = PBXFileReference; lastKnownFileType = sourcecode.swift; path = ProfileHeaderView.swift; sourceTree = "<group>"; };
		92895C0F2574847C00330927 /* SettingsLabelView.swift */ = {isa = PBXFileReference; lastKnownFileType = sourcecode.swift; path = SettingsLabelView.swift; sourceTree = "<group>"; };
		9293F67D25785CA900B208B6 /* LaunchScreen.storyboard */ = {isa = PBXFileReference; lastKnownFileType = file.storyboard; path = LaunchScreen.storyboard; sourceTree = "<group>"; };
		929CC6C3256CBB4E00AC85DC /* RealmDataService.swift */ = {isa = PBXFileReference; lastKnownFileType = sourcecode.swift; path = RealmDataService.swift; sourceTree = "<group>"; };
		92C55A58256B77FF0091C1C4 /* PitTime.app */ = {isa = PBXFileReference; explicitFileType = wrapper.application; includeInIndex = 0; path = PitTime.app; sourceTree = BUILT_PRODUCTS_DIR; };
		92C55A5B256B77FF0091C1C4 /* PitTimeApp.swift */ = {isa = PBXFileReference; lastKnownFileType = sourcecode.swift; path = PitTimeApp.swift; sourceTree = "<group>"; };
		92C55A5D256B77FF0091C1C4 /* ContentView.swift */ = {isa = PBXFileReference; lastKnownFileType = sourcecode.swift; path = ContentView.swift; sourceTree = "<group>"; };
		92C55A62256B78010091C1C4 /* Preview Assets.xcassets */ = {isa = PBXFileReference; lastKnownFileType = folder.assetcatalog; path = "Preview Assets.xcassets"; sourceTree = "<group>"; };
		92C55A64256B78010091C1C4 /* Info.plist */ = {isa = PBXFileReference; lastKnownFileType = text.plist.xml; path = Info.plist; sourceTree = "<group>"; };
		92C55A69256B78020091C1C4 /* PitTimeTests.xctest */ = {isa = PBXFileReference; explicitFileType = wrapper.cfbundle; includeInIndex = 0; path = PitTimeTests.xctest; sourceTree = BUILT_PRODUCTS_DIR; };
		92C55A6D256B78020091C1C4 /* PitTimeTests.swift */ = {isa = PBXFileReference; lastKnownFileType = sourcecode.swift; path = PitTimeTests.swift; sourceTree = "<group>"; };
		92C55A6F256B78020091C1C4 /* Info.plist */ = {isa = PBXFileReference; lastKnownFileType = text.plist.xml; path = Info.plist; sourceTree = "<group>"; };
		92C55A74256B78020091C1C4 /* PitTimeUITests.xctest */ = {isa = PBXFileReference; explicitFileType = wrapper.cfbundle; includeInIndex = 0; path = PitTimeUITests.xctest; sourceTree = BUILT_PRODUCTS_DIR; };
		92C55A78256B78020091C1C4 /* PitTimeUITests.swift */ = {isa = PBXFileReference; lastKnownFileType = sourcecode.swift; path = PitTimeUITests.swift; sourceTree = "<group>"; };
		92C55A7A256B78020091C1C4 /* Info.plist */ = {isa = PBXFileReference; lastKnownFileType = text.plist.xml; path = Info.plist; sourceTree = "<group>"; };
		A45375F2FEEC37501064C207 /* Pods-PitTimeTests.debug.xcconfig */ = {isa = PBXFileReference; includeInIndex = 1; lastKnownFileType = text.xcconfig; name = "Pods-PitTimeTests.debug.xcconfig"; path = "Target Support Files/Pods-PitTimeTests/Pods-PitTimeTests.debug.xcconfig"; sourceTree = "<group>"; };
		B883D827DDFD367303DF6F6C /* Pods-PitTime-PitTimeUITests.debug.xcconfig */ = {isa = PBXFileReference; includeInIndex = 1; lastKnownFileType = text.xcconfig; name = "Pods-PitTime-PitTimeUITests.debug.xcconfig"; path = "Target Support Files/Pods-PitTime-PitTimeUITests/Pods-PitTime-PitTimeUITests.debug.xcconfig"; sourceTree = "<group>"; };
		D700D0A6A51F121CDDC2EE68 /* Pods-PitTimeTests.release.xcconfig */ = {isa = PBXFileReference; includeInIndex = 1; lastKnownFileType = text.xcconfig; name = "Pods-PitTimeTests.release.xcconfig"; path = "Target Support Files/Pods-PitTimeTests/Pods-PitTimeTests.release.xcconfig"; sourceTree = "<group>"; };
		E3D15A2C3048B5B410BC38E7 /* Pods_PitTime_PitTimeUITests.framework */ = {isa = PBXFileReference; explicitFileType = wrapper.framework; includeInIndex = 0; path = Pods_PitTime_PitTimeUITests.framework; sourceTree = BUILT_PRODUCTS_DIR; };
		E6C5B31B416EE03C716162FF /* Pods-PitTime.debug.xcconfig */ = {isa = PBXFileReference; includeInIndex = 1; lastKnownFileType = text.xcconfig; name = "Pods-PitTime.debug.xcconfig"; path = "Target Support Files/Pods-PitTime/Pods-PitTime.debug.xcconfig"; sourceTree = "<group>"; };
		EC02CAD5834BD66D0CF9259E /* Pods-PitTime.release.xcconfig */ = {isa = PBXFileReference; includeInIndex = 1; lastKnownFileType = text.xcconfig; name = "Pods-PitTime.release.xcconfig"; path = "Target Support Files/Pods-PitTime/Pods-PitTime.release.xcconfig"; sourceTree = "<group>"; };
		ED7500457C9816DD30901C85 /* Pods-PitTime-PitTimeUITests.release.xcconfig */ = {isa = PBXFileReference; includeInIndex = 1; lastKnownFileType = text.xcconfig; name = "Pods-PitTime-PitTimeUITests.release.xcconfig"; path = "Target Support Files/Pods-PitTime-PitTimeUITests/Pods-PitTime-PitTimeUITests.release.xcconfig"; sourceTree = "<group>"; };
/* End PBXFileReference section */

/* Begin PBXFrameworksBuildPhase section */
		92C55A55256B77FF0091C1C4 /* Frameworks */ = {
			isa = PBXFrameworksBuildPhase;
			buildActionMask = 2147483647;
			files = (
				766BC46F330BBEE1234698C9 /* Pods_PitTime.framework in Frameworks */,
			);
			runOnlyForDeploymentPostprocessing = 0;
		};
		92C55A66256B78020091C1C4 /* Frameworks */ = {
			isa = PBXFrameworksBuildPhase;
			buildActionMask = 2147483647;
			files = (
				259D3770C1F2D026A04C04DC /* Pods_PitTimeTests.framework in Frameworks */,
			);
			runOnlyForDeploymentPostprocessing = 0;
		};
		92C55A71256B78020091C1C4 /* Frameworks */ = {
			isa = PBXFrameworksBuildPhase;
			buildActionMask = 2147483647;
			files = (
				13BF9F48132201067B973D54 /* Pods_PitTime_PitTimeUITests.framework in Frameworks */,
			);
			runOnlyForDeploymentPostprocessing = 0;
		};
/* End PBXFrameworksBuildPhase section */

/* Begin PBXGroup section */
		9234A0CE256B7AD800F8D835 /* Views */ = {
			isa = PBXGroup;
			children = (
				92C55A5B256B77FF0091C1C4 /* PitTimeApp.swift */,
				92C55A5D256B77FF0091C1C4 /* ContentView.swift */,
				9234A0E6256B7E1000F8D835 /* HomeView */,
				9234A0E7256B7E3600F8D835 /* UploadView */,
				9234A0E8256B7E3C00F8D835 /* ProfileView */,
			);
			path = Views;
			sourceTree = "<group>";
		};
		9234A0E6256B7E1000F8D835 /* HomeView */ = {
			isa = PBXGroup;
			children = (
				9234A0CF256B7AED00F8D835 /* HomeView.swift */,
				9234A109256B881E00F8D835 /* CardView.swift */,
			);
			name = HomeView;
			sourceTree = "<group>";
		};
		9234A0E7256B7E3600F8D835 /* UploadView */ = {
			isa = PBXGroup;
			children = (
				9234A0D7256B7B0C00F8D835 /* UploadView.swift */,
			);
			name = UploadView;
			sourceTree = "<group>";
		};
		9234A0E8256B7E3C00F8D835 /* ProfileView */ = {
			isa = PBXGroup;
			children = (
				9234A0DC256B7B2300F8D835 /* ProfileView.swift */,
				9234A0E1256B7CE000F8D835 /* SignUpView.swift */,
				9274F82B256E2C4D0091D593 /* SignInWithAppleButtonCustom.swift */,
				9274F7E5256DE7870091D593 /* OnboardingView.swift */,
				9274F826256E287D0091D593 /* OnboardingViewPart2.swift */,
				9274F83B256F347D0091D593 /* SettingsView.swift */,
				9274F843256F34E90091D593 /* ProfileHeaderView.swift */,
				92895C0F2574847C00330927 /* SettingsLabelView.swift */,
				922732852574AF1500FE37EC /* SettingsRowView.swift */,
			);
			name = ProfileView;
			sourceTree = "<group>";
		};
		9234A0EC256B7F9500F8D835 /* Helpers */ = {
			isa = PBXGroup;
			children = (
				9234A0ED256B7FA500F8D835 /* Extensions.swift */,
				9234A117256C9F6E00F8D835 /* NFCWrite.swift */,
				9234A11C256CA04000F8D835 /* DateFormatter.swift */,
				9234A125256CAE6100F8D835 /* Enum & Structs.swift */,
			);
			name = Helpers;
			sourceTree = "<group>";
		};
		9234A0F5256B83C800F8D835 /* Models */ = {
			isa = PBXGroup;
			children = (
				9234A0F6256B83EB00F8D835 /* PitArrayObject.swift */,
				9234A0FE256B840900F8D835 /* PitModel.swift */,
			);
			name = Models;
			sourceTree = "<group>";
		};
		9274F7EA256DECB40091D593 /* Firebase */ = {
			isa = PBXGroup;
			children = (
				9274F7EB256DECC40091D593 /* AuthService.swift */,
				9227328A2574BAF900FE37EC /* DataService.swift */,
			);
			name = Firebase;
			sourceTree = "<group>";
		};
		9274F81D256DEFB70091D593 /* SignInProviders */ = {
			isa = PBXGroup;
			children = (
				9274F81E256DEFC70091D593 /* SignInWithApple.swift */,
				9274F836256E2FEB0091D593 /* SignInWithGoogle.swift */,
				92226CE62578A827003213CD /* SignInAnonymous.swift */,
			);
			name = SignInProviders;
			sourceTree = "<group>";
		};
		929CC6C1256CBB3300AC85DC /* Services */ = {
			isa = PBXGroup;
			children = (
				9274F81D256DEFB70091D593 /* SignInProviders */,
				9274F7EA256DECB40091D593 /* Firebase */,
				929CC6C2256CBB3F00AC85DC /* Realm */,
			);
			name = Services;
			sourceTree = "<group>";
		};
		929CC6C2256CBB3F00AC85DC /* Realm */ = {
			isa = PBXGroup;
			children = (
				929CC6C3256CBB4E00AC85DC /* RealmDataService.swift */,
			);
			name = Realm;
			sourceTree = "<group>";
		};
		92C55A4F256B77FF0091C1C4 = {
			isa = PBXGroup;
			children = (
				92C55A5A256B77FF0091C1C4 /* PitTime */,
				92C55A6C256B78020091C1C4 /* PitTimeTests */,
				92C55A77256B78020091C1C4 /* PitTimeUITests */,
				92C55A59256B77FF0091C1C4 /* Products */,
				E83D994906593356556C15ED /* Pods */,
				9E84E8D1131FC5FF27A3F7AA /* Frameworks */,
			);
			sourceTree = "<group>";
		};
		92C55A59256B77FF0091C1C4 /* Products */ = {
			isa = PBXGroup;
			children = (
				92C55A58256B77FF0091C1C4 /* PitTime.app */,
				92C55A69256B78020091C1C4 /* PitTimeTests.xctest */,
				92C55A74256B78020091C1C4 /* PitTimeUITests.xctest */,
			);
			name = Products;
			sourceTree = "<group>";
		};
		92C55A5A256B77FF0091C1C4 /* PitTime */ = {
			isa = PBXGroup;
			children = (
				929CC6C1256CBB3300AC85DC /* Services */,
				9234A121256CA28800F8D835 /* PitTime.entitlements */,
				9234A0F5256B83C800F8D835 /* Models */,
				9234A0EC256B7F9500F8D835 /* Helpers */,
				9234A0CE256B7AD800F8D835 /* Views */,
				926F3289256DDFCC004E1251 /* GoogleService-Info.plist */,
				92226CD225786BA3003213CD /* Assets.xcassets */,
				92C55A64256B78010091C1C4 /* Info.plist */,
				92C55A61256B78010091C1C4 /* Preview Content */,
				9293F67D25785CA900B208B6 /* LaunchScreen.storyboard */,
			);
			path = PitTime;
			sourceTree = "<group>";
		};
		92C55A61256B78010091C1C4 /* Preview Content */ = {
			isa = PBXGroup;
			children = (
				92C55A62256B78010091C1C4 /* Preview Assets.xcassets */,
			);
			path = "Preview Content";
			sourceTree = "<group>";
		};
		92C55A6C256B78020091C1C4 /* PitTimeTests */ = {
			isa = PBXGroup;
			children = (
				92C55A6D256B78020091C1C4 /* PitTimeTests.swift */,
				92C55A6F256B78020091C1C4 /* Info.plist */,
			);
			path = PitTimeTests;
			sourceTree = "<group>";
		};
		92C55A77256B78020091C1C4 /* PitTimeUITests */ = {
			isa = PBXGroup;
			children = (
				92C55A78256B78020091C1C4 /* PitTimeUITests.swift */,
				92C55A7A256B78020091C1C4 /* Info.plist */,
			);
			path = PitTimeUITests;
			sourceTree = "<group>";
		};
		9E84E8D1131FC5FF27A3F7AA /* Frameworks */ = {
			isa = PBXGroup;
			children = (
				398F1940113472F2E216EE04 /* Pods_PitTime.framework */,
				E3D15A2C3048B5B410BC38E7 /* Pods_PitTime_PitTimeUITests.framework */,
				4377777F5C6B1DA1BF3997E6 /* Pods_PitTimeTests.framework */,
			);
			name = Frameworks;
			sourceTree = "<group>";
		};
		E83D994906593356556C15ED /* Pods */ = {
			isa = PBXGroup;
			children = (
				E6C5B31B416EE03C716162FF /* Pods-PitTime.debug.xcconfig */,
				EC02CAD5834BD66D0CF9259E /* Pods-PitTime.release.xcconfig */,
				B883D827DDFD367303DF6F6C /* Pods-PitTime-PitTimeUITests.debug.xcconfig */,
				ED7500457C9816DD30901C85 /* Pods-PitTime-PitTimeUITests.release.xcconfig */,
				A45375F2FEEC37501064C207 /* Pods-PitTimeTests.debug.xcconfig */,
				D700D0A6A51F121CDDC2EE68 /* Pods-PitTimeTests.release.xcconfig */,
			);
			path = Pods;
			sourceTree = "<group>";
		};
/* End PBXGroup section */

/* Begin PBXNativeTarget section */
		92C55A57256B77FF0091C1C4 /* PitTime */ = {
			isa = PBXNativeTarget;
			buildConfigurationList = 92C55A7D256B78020091C1C4 /* Build configuration list for PBXNativeTarget "PitTime" */;
			buildPhases = (
				66D9B6FB815B262FDA7ACB0F /* [CP] Check Pods Manifest.lock */,
				92C55A54256B77FF0091C1C4 /* Sources */,
				92C55A55256B77FF0091C1C4 /* Frameworks */,
				92C55A56256B77FF0091C1C4 /* Resources */,
				8B4859539467FD9D39B6697E /* [CP] Embed Pods Frameworks */,
				878C49C0FE956C140AF5191E /* [CP] Copy Pods Resources */,
			);
			buildRules = (
			);
			dependencies = (
			);
			name = PitTime;
			productName = PitTime;
			productReference = 92C55A58256B77FF0091C1C4 /* PitTime.app */;
			productType = "com.apple.product-type.application";
		};
		92C55A68256B78020091C1C4 /* PitTimeTests */ = {
			isa = PBXNativeTarget;
			buildConfigurationList = 92C55A80256B78020091C1C4 /* Build configuration list for PBXNativeTarget "PitTimeTests" */;
			buildPhases = (
				22331F016E645DBDDE529E58 /* [CP] Check Pods Manifest.lock */,
				92C55A65256B78020091C1C4 /* Sources */,
				92C55A66256B78020091C1C4 /* Frameworks */,
				92C55A67256B78020091C1C4 /* Resources */,
			);
			buildRules = (
			);
			dependencies = (
				92C55A6B256B78020091C1C4 /* PBXTargetDependency */,
			);
			name = PitTimeTests;
			productName = PitTimeTests;
			productReference = 92C55A69256B78020091C1C4 /* PitTimeTests.xctest */;
			productType = "com.apple.product-type.bundle.unit-test";
		};
		92C55A73256B78020091C1C4 /* PitTimeUITests */ = {
			isa = PBXNativeTarget;
			buildConfigurationList = 92C55A83256B78020091C1C4 /* Build configuration list for PBXNativeTarget "PitTimeUITests" */;
			buildPhases = (
				EC2908959652C420B8DBF2CF /* [CP] Check Pods Manifest.lock */,
				92C55A70256B78020091C1C4 /* Sources */,
				92C55A71256B78020091C1C4 /* Frameworks */,
				92C55A72256B78020091C1C4 /* Resources */,
				1AA957A1C3CA28C48A3A31B3 /* [CP] Embed Pods Frameworks */,
				F88B38902A42CA08E5BA37D9 /* [CP] Copy Pods Resources */,
			);
			buildRules = (
			);
			dependencies = (
				92C55A76256B78020091C1C4 /* PBXTargetDependency */,
			);
			name = PitTimeUITests;
			productName = PitTimeUITests;
			productReference = 92C55A74256B78020091C1C4 /* PitTimeUITests.xctest */;
			productType = "com.apple.product-type.bundle.ui-testing";
		};
/* End PBXNativeTarget section */

/* Begin PBXProject section */
		92C55A50256B77FF0091C1C4 /* Project object */ = {
			isa = PBXProject;
			attributes = {
				LastSwiftUpdateCheck = 1220;
				LastUpgradeCheck = 1220;
				TargetAttributes = {
					92C55A57256B77FF0091C1C4 = {
						CreatedOnToolsVersion = 12.2;
					};
					92C55A68256B78020091C1C4 = {
						CreatedOnToolsVersion = 12.2;
						TestTargetID = 92C55A57256B77FF0091C1C4;
					};
					92C55A73256B78020091C1C4 = {
						CreatedOnToolsVersion = 12.2;
						TestTargetID = 92C55A57256B77FF0091C1C4;
					};
				};
			};
			buildConfigurationList = 92C55A53256B77FF0091C1C4 /* Build configuration list for PBXProject "PitTime" */;
			compatibilityVersion = "Xcode 9.3";
			developmentRegion = en;
			hasScannedForEncodings = 0;
			knownRegions = (
				en,
				Base,
			);
			mainGroup = 92C55A4F256B77FF0091C1C4;
			productRefGroup = 92C55A59256B77FF0091C1C4 /* Products */;
			projectDirPath = "";
			projectRoot = "";
			targets = (
				92C55A57256B77FF0091C1C4 /* PitTime */,
				92C55A68256B78020091C1C4 /* PitTimeTests */,
				92C55A73256B78020091C1C4 /* PitTimeUITests */,
			);
		};
/* End PBXProject section */

/* Begin PBXResourcesBuildPhase section */
		92C55A56256B77FF0091C1C4 /* Resources */ = {
			isa = PBXResourcesBuildPhase;
			buildActionMask = 2147483647;
			files = (
				92C55A63256B78010091C1C4 /* Preview Assets.xcassets in Resources */,
				9293F67E25785CA900B208B6 /* LaunchScreen.storyboard in Resources */,
				92226CD325786BA3003213CD /* Assets.xcassets in Resources */,
				926F328A256DDFCC004E1251 /* GoogleService-Info.plist in Resources */,
			);
			runOnlyForDeploymentPostprocessing = 0;
		};
		92C55A67256B78020091C1C4 /* Resources */ = {
			isa = PBXResourcesBuildPhase;
			buildActionMask = 2147483647;
			files = (
				926F328B256DDFCC004E1251 /* GoogleService-Info.plist in Resources */,
			);
			runOnlyForDeploymentPostprocessing = 0;
		};
		92C55A72256B78020091C1C4 /* Resources */ = {
			isa = PBXResourcesBuildPhase;
			buildActionMask = 2147483647;
			files = (
				926F328C256DDFCC004E1251 /* GoogleService-Info.plist in Resources */,
			);
			runOnlyForDeploymentPostprocessing = 0;
		};
/* End PBXResourcesBuildPhase section */

/* Begin PBXShellScriptBuildPhase section */
		1AA957A1C3CA28C48A3A31B3 /* [CP] Embed Pods Frameworks */ = {
			isa = PBXShellScriptBuildPhase;
			buildActionMask = 2147483647;
			files = (
			);
			inputFileListPaths = (
				"${PODS_ROOT}/Target Support Files/Pods-PitTime-PitTimeUITests/Pods-PitTime-PitTimeUITests-frameworks-${CONFIGURATION}-input-files.xcfilelist",
			);
			name = "[CP] Embed Pods Frameworks";
			outputFileListPaths = (
				"${PODS_ROOT}/Target Support Files/Pods-PitTime-PitTimeUITests/Pods-PitTime-PitTimeUITests-frameworks-${CONFIGURATION}-output-files.xcfilelist",
			);
			runOnlyForDeploymentPostprocessing = 0;
			shellPath = /bin/sh;
			shellScript = "\"${PODS_ROOT}/Target Support Files/Pods-PitTime-PitTimeUITests/Pods-PitTime-PitTimeUITests-frameworks.sh\"\n";
			showEnvVarsInLog = 0;
		};
		22331F016E645DBDDE529E58 /* [CP] Check Pods Manifest.lock */ = {
			isa = PBXShellScriptBuildPhase;
			buildActionMask = 2147483647;
			files = (
			);
			inputFileListPaths = (
			);
			inputPaths = (
				"${PODS_PODFILE_DIR_PATH}/Podfile.lock",
				"${PODS_ROOT}/Manifest.lock",
			);
			name = "[CP] Check Pods Manifest.lock";
			outputFileListPaths = (
			);
			outputPaths = (
				"$(DERIVED_FILE_DIR)/Pods-PitTimeTests-checkManifestLockResult.txt",
			);
			runOnlyForDeploymentPostprocessing = 0;
			shellPath = /bin/sh;
			shellScript = "diff \"${PODS_PODFILE_DIR_PATH}/Podfile.lock\" \"${PODS_ROOT}/Manifest.lock\" > /dev/null\nif [ $? != 0 ] ; then\n    # print error to STDERR\n    echo \"error: The sandbox is not in sync with the Podfile.lock. Run 'pod install' or update your CocoaPods installation.\" >&2\n    exit 1\nfi\n# This output is used by Xcode 'outputs' to avoid re-running this script phase.\necho \"SUCCESS\" > \"${SCRIPT_OUTPUT_FILE_0}\"\n";
			showEnvVarsInLog = 0;
		};
		66D9B6FB815B262FDA7ACB0F /* [CP] Check Pods Manifest.lock */ = {
			isa = PBXShellScriptBuildPhase;
			buildActionMask = 2147483647;
			files = (
			);
			inputFileListPaths = (
			);
			inputPaths = (
				"${PODS_PODFILE_DIR_PATH}/Podfile.lock",
				"${PODS_ROOT}/Manifest.lock",
			);
			name = "[CP] Check Pods Manifest.lock";
			outputFileListPaths = (
			);
			outputPaths = (
				"$(DERIVED_FILE_DIR)/Pods-PitTime-checkManifestLockResult.txt",
			);
			runOnlyForDeploymentPostprocessing = 0;
			shellPath = /bin/sh;
			shellScript = "diff \"${PODS_PODFILE_DIR_PATH}/Podfile.lock\" \"${PODS_ROOT}/Manifest.lock\" > /dev/null\nif [ $? != 0 ] ; then\n    # print error to STDERR\n    echo \"error: The sandbox is not in sync with the Podfile.lock. Run 'pod install' or update your CocoaPods installation.\" >&2\n    exit 1\nfi\n# This output is used by Xcode 'outputs' to avoid re-running this script phase.\necho \"SUCCESS\" > \"${SCRIPT_OUTPUT_FILE_0}\"\n";
			showEnvVarsInLog = 0;
		};
		878C49C0FE956C140AF5191E /* [CP] Copy Pods Resources */ = {
			isa = PBXShellScriptBuildPhase;
			buildActionMask = 2147483647;
			files = (
			);
			inputFileListPaths = (
				"${PODS_ROOT}/Target Support Files/Pods-PitTime/Pods-PitTime-resources-${CONFIGURATION}-input-files.xcfilelist",
			);
			name = "[CP] Copy Pods Resources";
			outputFileListPaths = (
				"${PODS_ROOT}/Target Support Files/Pods-PitTime/Pods-PitTime-resources-${CONFIGURATION}-output-files.xcfilelist",
			);
			runOnlyForDeploymentPostprocessing = 0;
			shellPath = /bin/sh;
			shellScript = "\"${PODS_ROOT}/Target Support Files/Pods-PitTime/Pods-PitTime-resources.sh\"\n";
			showEnvVarsInLog = 0;
		};
		8B4859539467FD9D39B6697E /* [CP] Embed Pods Frameworks */ = {
			isa = PBXShellScriptBuildPhase;
			buildActionMask = 2147483647;
			files = (
			);
			inputFileListPaths = (
				"${PODS_ROOT}/Target Support Files/Pods-PitTime/Pods-PitTime-frameworks-${CONFIGURATION}-input-files.xcfilelist",
			);
			name = "[CP] Embed Pods Frameworks";
			outputFileListPaths = (
				"${PODS_ROOT}/Target Support Files/Pods-PitTime/Pods-PitTime-frameworks-${CONFIGURATION}-output-files.xcfilelist",
			);
			runOnlyForDeploymentPostprocessing = 0;
			shellPath = /bin/sh;
			shellScript = "\"${PODS_ROOT}/Target Support Files/Pods-PitTime/Pods-PitTime-frameworks.sh\"\n";
			showEnvVarsInLog = 0;
		};
		EC2908959652C420B8DBF2CF /* [CP] Check Pods Manifest.lock */ = {
			isa = PBXShellScriptBuildPhase;
			buildActionMask = 2147483647;
			files = (
			);
			inputFileListPaths = (
			);
			inputPaths = (
				"${PODS_PODFILE_DIR_PATH}/Podfile.lock",
				"${PODS_ROOT}/Manifest.lock",
			);
			name = "[CP] Check Pods Manifest.lock";
			outputFileListPaths = (
			);
			outputPaths = (
				"$(DERIVED_FILE_DIR)/Pods-PitTime-PitTimeUITests-checkManifestLockResult.txt",
			);
			runOnlyForDeploymentPostprocessing = 0;
			shellPath = /bin/sh;
			shellScript = "diff \"${PODS_PODFILE_DIR_PATH}/Podfile.lock\" \"${PODS_ROOT}/Manifest.lock\" > /dev/null\nif [ $? != 0 ] ; then\n    # print error to STDERR\n    echo \"error: The sandbox is not in sync with the Podfile.lock. Run 'pod install' or update your CocoaPods installation.\" >&2\n    exit 1\nfi\n# This output is used by Xcode 'outputs' to avoid re-running this script phase.\necho \"SUCCESS\" > \"${SCRIPT_OUTPUT_FILE_0}\"\n";
			showEnvVarsInLog = 0;
		};
		F88B38902A42CA08E5BA37D9 /* [CP] Copy Pods Resources */ = {
			isa = PBXShellScriptBuildPhase;
			buildActionMask = 2147483647;
			files = (
			);
			inputFileListPaths = (
				"${PODS_ROOT}/Target Support Files/Pods-PitTime-PitTimeUITests/Pods-PitTime-PitTimeUITests-resources-${CONFIGURATION}-input-files.xcfilelist",
			);
			name = "[CP] Copy Pods Resources";
			outputFileListPaths = (
				"${PODS_ROOT}/Target Support Files/Pods-PitTime-PitTimeUITests/Pods-PitTime-PitTimeUITests-resources-${CONFIGURATION}-output-files.xcfilelist",
			);
			runOnlyForDeploymentPostprocessing = 0;
			shellPath = /bin/sh;
			shellScript = "\"${PODS_ROOT}/Target Support Files/Pods-PitTime-PitTimeUITests/Pods-PitTime-PitTimeUITests-resources.sh\"\n";
			showEnvVarsInLog = 0;
		};
/* End PBXShellScriptBuildPhase section */

/* Begin PBXSourcesBuildPhase section */
		92C55A54256B77FF0091C1C4 /* Sources */ = {
			isa = PBXSourcesBuildPhase;
			buildActionMask = 2147483647;
			files = (
				9234A11D256CA04000F8D835 /* DateFormatter.swift in Sources */,
				9227328B2574BAF900FE37EC /* DataService.swift in Sources */,
				9234A0D0256B7AED00F8D835 /* HomeView.swift in Sources */,
				92895C102574847D00330927 /* SettingsLabelView.swift in Sources */,
				92C55A5E256B77FF0091C1C4 /* ContentView.swift in Sources */,
				9274F82C256E2C4D0091D593 /* SignInWithAppleButtonCustom.swift in Sources */,
				9274F837256E2FEB0091D593 /* SignInWithGoogle.swift in Sources */,
				92226CE72578A827003213CD /* SignInAnonymous.swift in Sources */,
				9234A0DD256B7B2300F8D835 /* ProfileView.swift in Sources */,
				922732862574AF1500FE37EC /* SettingsRowView.swift in Sources */,
				9234A126256CAE6100F8D835 /* Enum & Structs.swift in Sources */,
				92C55A5C256B77FF0091C1C4 /* PitTimeApp.swift in Sources */,
				9234A10A256B881E00F8D835 /* CardView.swift in Sources */,
				9234A0FF256B840900F8D835 /* PitModel.swift in Sources */,
				929CC6C4256CBB4E00AC85DC /* RealmDataService.swift in Sources */,
				9274F844256F34E90091D593 /* ProfileHeaderView.swift in Sources */,
				9234A0F7256B83EB00F8D835 /* PitArrayObject.swift in Sources */,
				9234A0E2256B7CE000F8D835 /* SignUpView.swift in Sources */,
				9274F827256E287D0091D593 /* OnboardingViewPart2.swift in Sources */,
				9234A0D8256B7B0C00F8D835 /* UploadView.swift in Sources */,
				9274F7E6256DE7870091D593 /* OnboardingView.swift in Sources */,
				9274F7EC256DECC40091D593 /* AuthService.swift in Sources */,
				9234A118256C9F6E00F8D835 /* NFCWrite.swift in Sources */,
				9274F81F256DEFC70091D593 /* SignInWithApple.swift in Sources */,
				9234A0EE256B7FA500F8D835 /* Extensions.swift in Sources */,
				9274F83C256F347D0091D593 /* SettingsView.swift in Sources */,
			);
			runOnlyForDeploymentPostprocessing = 0;
		};
		92C55A65256B78020091C1C4 /* Sources */ = {
			isa = PBXSourcesBuildPhase;
			buildActionMask = 2147483647;
			files = (
				92C55A6E256B78020091C1C4 /* PitTimeTests.swift in Sources */,
			);
			runOnlyForDeploymentPostprocessing = 0;
		};
		92C55A70256B78020091C1C4 /* Sources */ = {
			isa = PBXSourcesBuildPhase;
			buildActionMask = 2147483647;
			files = (
				92C55A79256B78020091C1C4 /* PitTimeUITests.swift in Sources */,
			);
			runOnlyForDeploymentPostprocessing = 0;
		};
/* End PBXSourcesBuildPhase section */

/* Begin PBXTargetDependency section */
		92C55A6B256B78020091C1C4 /* PBXTargetDependency */ = {
			isa = PBXTargetDependency;
			target = 92C55A57256B77FF0091C1C4 /* PitTime */;
			targetProxy = 92C55A6A256B78020091C1C4 /* PBXContainerItemProxy */;
		};
		92C55A76256B78020091C1C4 /* PBXTargetDependency */ = {
			isa = PBXTargetDependency;
			target = 92C55A57256B77FF0091C1C4 /* PitTime */;
			targetProxy = 92C55A75256B78020091C1C4 /* PBXContainerItemProxy */;
		};
/* End PBXTargetDependency section */

/* Begin XCBuildConfiguration section */
		92C55A7B256B78020091C1C4 /* Debug */ = {
			isa = XCBuildConfiguration;
			buildSettings = {
				ALWAYS_SEARCH_USER_PATHS = NO;
				CLANG_ANALYZER_NONNULL = YES;
				CLANG_ANALYZER_NUMBER_OBJECT_CONVERSION = YES_AGGRESSIVE;
				CLANG_CXX_LANGUAGE_STANDARD = "gnu++14";
				CLANG_CXX_LIBRARY = "libc++";
				CLANG_ENABLE_MODULES = YES;
				CLANG_ENABLE_OBJC_ARC = YES;
				CLANG_ENABLE_OBJC_WEAK = YES;
				CLANG_WARN_BLOCK_CAPTURE_AUTORELEASING = YES;
				CLANG_WARN_BOOL_CONVERSION = YES;
				CLANG_WARN_COMMA = YES;
				CLANG_WARN_CONSTANT_CONVERSION = YES;
				CLANG_WARN_DEPRECATED_OBJC_IMPLEMENTATIONS = YES;
				CLANG_WARN_DIRECT_OBJC_ISA_USAGE = YES_ERROR;
				CLANG_WARN_DOCUMENTATION_COMMENTS = YES;
				CLANG_WARN_EMPTY_BODY = YES;
				CLANG_WARN_ENUM_CONVERSION = YES;
				CLANG_WARN_INFINITE_RECURSION = YES;
				CLANG_WARN_INT_CONVERSION = YES;
				CLANG_WARN_NON_LITERAL_NULL_CONVERSION = YES;
				CLANG_WARN_OBJC_IMPLICIT_RETAIN_SELF = YES;
				CLANG_WARN_OBJC_LITERAL_CONVERSION = YES;
				CLANG_WARN_OBJC_ROOT_CLASS = YES_ERROR;
				CLANG_WARN_QUOTED_INCLUDE_IN_FRAMEWORK_HEADER = YES;
				CLANG_WARN_RANGE_LOOP_ANALYSIS = YES;
				CLANG_WARN_STRICT_PROTOTYPES = YES;
				CLANG_WARN_SUSPICIOUS_MOVE = YES;
				CLANG_WARN_UNGUARDED_AVAILABILITY = YES_AGGRESSIVE;
				CLANG_WARN_UNREACHABLE_CODE = YES;
				CLANG_WARN__DUPLICATE_METHOD_MATCH = YES;
				COPY_PHASE_STRIP = NO;
				DEBUG_INFORMATION_FORMAT = dwarf;
				ENABLE_STRICT_OBJC_MSGSEND = YES;
				ENABLE_TESTABILITY = YES;
				GCC_C_LANGUAGE_STANDARD = gnu11;
				GCC_DYNAMIC_NO_PIC = NO;
				GCC_NO_COMMON_BLOCKS = YES;
				GCC_OPTIMIZATION_LEVEL = 0;
				GCC_PREPROCESSOR_DEFINITIONS = (
					"DEBUG=1",
					"$(inherited)",
				);
				GCC_WARN_64_TO_32_BIT_CONVERSION = YES;
				GCC_WARN_ABOUT_RETURN_TYPE = YES_ERROR;
				GCC_WARN_UNDECLARED_SELECTOR = YES;
				GCC_WARN_UNINITIALIZED_AUTOS = YES_AGGRESSIVE;
				GCC_WARN_UNUSED_FUNCTION = YES;
				GCC_WARN_UNUSED_VARIABLE = YES;
				IPHONEOS_DEPLOYMENT_TARGET = 14.2;
				MTL_ENABLE_DEBUG_INFO = INCLUDE_SOURCE;
				MTL_FAST_MATH = YES;
				ONLY_ACTIVE_ARCH = YES;
				SDKROOT = iphoneos;
				SWIFT_ACTIVE_COMPILATION_CONDITIONS = DEBUG;
				SWIFT_OPTIMIZATION_LEVEL = "-Onone";
			};
			name = Debug;
		};
		92C55A7C256B78020091C1C4 /* Release */ = {
			isa = XCBuildConfiguration;
			buildSettings = {
				ALWAYS_SEARCH_USER_PATHS = NO;
				CLANG_ANALYZER_NONNULL = YES;
				CLANG_ANALYZER_NUMBER_OBJECT_CONVERSION = YES_AGGRESSIVE;
				CLANG_CXX_LANGUAGE_STANDARD = "gnu++14";
				CLANG_CXX_LIBRARY = "libc++";
				CLANG_ENABLE_MODULES = YES;
				CLANG_ENABLE_OBJC_ARC = YES;
				CLANG_ENABLE_OBJC_WEAK = YES;
				CLANG_WARN_BLOCK_CAPTURE_AUTORELEASING = YES;
				CLANG_WARN_BOOL_CONVERSION = YES;
				CLANG_WARN_COMMA = YES;
				CLANG_WARN_CONSTANT_CONVERSION = YES;
				CLANG_WARN_DEPRECATED_OBJC_IMPLEMENTATIONS = YES;
				CLANG_WARN_DIRECT_OBJC_ISA_USAGE = YES_ERROR;
				CLANG_WARN_DOCUMENTATION_COMMENTS = YES;
				CLANG_WARN_EMPTY_BODY = YES;
				CLANG_WARN_ENUM_CONVERSION = YES;
				CLANG_WARN_INFINITE_RECURSION = YES;
				CLANG_WARN_INT_CONVERSION = YES;
				CLANG_WARN_NON_LITERAL_NULL_CONVERSION = YES;
				CLANG_WARN_OBJC_IMPLICIT_RETAIN_SELF = YES;
				CLANG_WARN_OBJC_LITERAL_CONVERSION = YES;
				CLANG_WARN_OBJC_ROOT_CLASS = YES_ERROR;
				CLANG_WARN_QUOTED_INCLUDE_IN_FRAMEWORK_HEADER = YES;
				CLANG_WARN_RANGE_LOOP_ANALYSIS = YES;
				CLANG_WARN_STRICT_PROTOTYPES = YES;
				CLANG_WARN_SUSPICIOUS_MOVE = YES;
				CLANG_WARN_UNGUARDED_AVAILABILITY = YES_AGGRESSIVE;
				CLANG_WARN_UNREACHABLE_CODE = YES;
				CLANG_WARN__DUPLICATE_METHOD_MATCH = YES;
				COPY_PHASE_STRIP = NO;
				DEBUG_INFORMATION_FORMAT = "dwarf-with-dsym";
				ENABLE_NS_ASSERTIONS = NO;
				ENABLE_STRICT_OBJC_MSGSEND = YES;
				GCC_C_LANGUAGE_STANDARD = gnu11;
				GCC_NO_COMMON_BLOCKS = YES;
				GCC_WARN_64_TO_32_BIT_CONVERSION = YES;
				GCC_WARN_ABOUT_RETURN_TYPE = YES_ERROR;
				GCC_WARN_UNDECLARED_SELECTOR = YES;
				GCC_WARN_UNINITIALIZED_AUTOS = YES_AGGRESSIVE;
				GCC_WARN_UNUSED_FUNCTION = YES;
				GCC_WARN_UNUSED_VARIABLE = YES;
				IPHONEOS_DEPLOYMENT_TARGET = 14.2;
				MTL_ENABLE_DEBUG_INFO = NO;
				MTL_FAST_MATH = YES;
				SDKROOT = iphoneos;
				SWIFT_COMPILATION_MODE = wholemodule;
				SWIFT_OPTIMIZATION_LEVEL = "-O";
				VALIDATE_PRODUCT = YES;
			};
			name = Release;
		};
		92C55A7E256B78020091C1C4 /* Debug */ = {
			isa = XCBuildConfiguration;
			baseConfigurationReference = E6C5B31B416EE03C716162FF /* Pods-PitTime.debug.xcconfig */;
			buildSettings = {
				ASSETCATALOG_COMPILER_APPICON_NAME = AppIcon;
				ASSETCATALOG_COMPILER_GLOBAL_ACCENT_COLOR_NAME = AccentColor;
				CODE_SIGN_ENTITLEMENTS = PitTime/PitTime.entitlements;
				CODE_SIGN_STYLE = Automatic;
				DEVELOPMENT_ASSET_PATHS = "\"PitTime/Preview Content\"";
				DEVELOPMENT_TEAM = 4L3H8AS5LU;
				ENABLE_PREVIEWS = YES;
				INFOPLIST_FILE = PitTime/Info.plist;
				IPHONEOS_DEPLOYMENT_TARGET = 14.0;
				LD_RUNPATH_SEARCH_PATHS = (
					"$(inherited)",
					"@executable_path/Frameworks",
				);
				PRODUCT_BUNDLE_IDENTIFIER = com.kamimura.PitTime;
				PRODUCT_NAME = "$(TARGET_NAME)";
				SWIFT_VERSION = 5.0;
				TARGETED_DEVICE_FAMILY = 1;
			};
			name = Debug;
		};
		92C55A7F256B78020091C1C4 /* Release */ = {
			isa = XCBuildConfiguration;
			baseConfigurationReference = EC02CAD5834BD66D0CF9259E /* Pods-PitTime.release.xcconfig */;
			buildSettings = {
				ASSETCATALOG_COMPILER_APPICON_NAME = AppIcon;
				ASSETCATALOG_COMPILER_GLOBAL_ACCENT_COLOR_NAME = AccentColor;
				CODE_SIGN_ENTITLEMENTS = PitTime/PitTime.entitlements;
				CODE_SIGN_STYLE = Automatic;
				DEVELOPMENT_ASSET_PATHS = "\"PitTime/Preview Content\"";
				DEVELOPMENT_TEAM = 4L3H8AS5LU;
				ENABLE_PREVIEWS = YES;
				INFOPLIST_FILE = PitTime/Info.plist;
				IPHONEOS_DEPLOYMENT_TARGET = 14.0;
				LD_RUNPATH_SEARCH_PATHS = (
					"$(inherited)",
					"@executable_path/Frameworks",
				);
				PRODUCT_BUNDLE_IDENTIFIER = com.kamimura.PitTime;
				PRODUCT_NAME = "$(TARGET_NAME)";
				SWIFT_VERSION = 5.0;
				TARGETED_DEVICE_FAMILY = 1;
			};
			name = Release;
		};
		92C55A81256B78020091C1C4 /* Debug */ = {
			isa = XCBuildConfiguration;
			baseConfigurationReference = A45375F2FEEC37501064C207 /* Pods-PitTimeTests.debug.xcconfig */;
			buildSettings = {
				ALWAYS_EMBED_SWIFT_STANDARD_LIBRARIES = YES;
				BUNDLE_LOADER = "$(TEST_HOST)";
				CODE_SIGN_STYLE = Automatic;
				DEVELOPMENT_TEAM = 4L3H8AS5LU;
				INFOPLIST_FILE = PitTimeTests/Info.plist;
				IPHONEOS_DEPLOYMENT_TARGET = 14.0;
				LD_RUNPATH_SEARCH_PATHS = (
					"$(inherited)",
					"@executable_path/Frameworks",
					"@loader_path/Frameworks",
				);
				PRODUCT_BUNDLE_IDENTIFIER = com.kamimura.PitTimeTests;
				PRODUCT_NAME = "$(TARGET_NAME)";
				SWIFT_VERSION = 5.0;
				TARGETED_DEVICE_FAMILY = "1,2";
				TEST_HOST = "$(BUILT_PRODUCTS_DIR)/PitTime.app/PitTime";
			};
			name = Debug;
		};
		92C55A82256B78020091C1C4 /* Release */ = {
			isa = XCBuildConfiguration;
			baseConfigurationReference = D700D0A6A51F121CDDC2EE68 /* Pods-PitTimeTests.release.xcconfig */;
			buildSettings = {
				ALWAYS_EMBED_SWIFT_STANDARD_LIBRARIES = YES;
				BUNDLE_LOADER = "$(TEST_HOST)";
				CODE_SIGN_STYLE = Automatic;
				DEVELOPMENT_TEAM = 4L3H8AS5LU;
				INFOPLIST_FILE = PitTimeTests/Info.plist;
				IPHONEOS_DEPLOYMENT_TARGET = 14.0;
				LD_RUNPATH_SEARCH_PATHS = (
					"$(inherited)",
					"@executable_path/Frameworks",
					"@loader_path/Frameworks",
				);
				PRODUCT_BUNDLE_IDENTIFIER = com.kamimura.PitTimeTests;
				PRODUCT_NAME = "$(TARGET_NAME)";
				SWIFT_VERSION = 5.0;
				TARGETED_DEVICE_FAMILY = "1,2";
				TEST_HOST = "$(BUILT_PRODUCTS_DIR)/PitTime.app/PitTime";
			};
			name = Release;
		};
		92C55A84256B78020091C1C4 /* Debug */ = {
			isa = XCBuildConfiguration;
			baseConfigurationReference = B883D827DDFD367303DF6F6C /* Pods-PitTime-PitTimeUITests.debug.xcconfig */;
			buildSettings = {
				ALWAYS_EMBED_SWIFT_STANDARD_LIBRARIES = YES;
				CODE_SIGN_STYLE = Automatic;
				DEVELOPMENT_TEAM = 4L3H8AS5LU;
				INFOPLIST_FILE = PitTimeUITests/Info.plist;
				LD_RUNPATH_SEARCH_PATHS = (
					"$(inherited)",
					"@executable_path/Frameworks",
					"@loader_path/Frameworks",
				);
				PRODUCT_BUNDLE_IDENTIFIER = com.kamimura.PitTimeUITests;
				PRODUCT_NAME = "$(TARGET_NAME)";
				SWIFT_VERSION = 5.0;
				TARGETED_DEVICE_FAMILY = "1,2";
				TEST_TARGET_NAME = PitTime;
			};
			name = Debug;
		};
		92C55A85256B78020091C1C4 /* Release */ = {
			isa = XCBuildConfiguration;
			baseConfigurationReference = ED7500457C9816DD30901C85 /* Pods-PitTime-PitTimeUITests.release.xcconfig */;
			buildSettings = {
				ALWAYS_EMBED_SWIFT_STANDARD_LIBRARIES = YES;
				CODE_SIGN_STYLE = Automatic;
				DEVELOPMENT_TEAM = 4L3H8AS5LU;
				INFOPLIST_FILE = PitTimeUITests/Info.plist;
				LD_RUNPATH_SEARCH_PATHS = (
					"$(inherited)",
					"@executable_path/Frameworks",
					"@loader_path/Frameworks",
				);
				PRODUCT_BUNDLE_IDENTIFIER = com.kamimura.PitTimeUITests;
				PRODUCT_NAME = "$(TARGET_NAME)";
				SWIFT_VERSION = 5.0;
				TARGETED_DEVICE_FAMILY = "1,2";
				TEST_TARGET_NAME = PitTime;
			};
			name = Release;
		};
/* End XCBuildConfiguration section */

/* Begin XCConfigurationList section */
		92C55A53256B77FF0091C1C4 /* Build configuration list for PBXProject "PitTime" */ = {
			isa = XCConfigurationList;
			buildConfigurations = (
				92C55A7B256B78020091C1C4 /* Debug */,
				92C55A7C256B78020091C1C4 /* Release */,
			);
			defaultConfigurationIsVisible = 0;
			defaultConfigurationName = Release;
		};
		92C55A7D256B78020091C1C4 /* Build configuration list for PBXNativeTarget "PitTime" */ = {
			isa = XCConfigurationList;
			buildConfigurations = (
				92C55A7E256B78020091C1C4 /* Debug */,
				92C55A7F256B78020091C1C4 /* Release */,
			);
			defaultConfigurationIsVisible = 0;
			defaultConfigurationName = Release;
		};
		92C55A80256B78020091C1C4 /* Build configuration list for PBXNativeTarget "PitTimeTests" */ = {
			isa = XCConfigurationList;
			buildConfigurations = (
				92C55A81256B78020091C1C4 /* Debug */,
				92C55A82256B78020091C1C4 /* Release */,
			);
			defaultConfigurationIsVisible = 0;
			defaultConfigurationName = Release;
		};
		92C55A83256B78020091C1C4 /* Build configuration list for PBXNativeTarget "PitTimeUITests" */ = {
			isa = XCConfigurationList;
			buildConfigurations = (
				92C55A84256B78020091C1C4 /* Debug */,
				92C55A85256B78020091C1C4 /* Release */,
			);
			defaultConfigurationIsVisible = 0;
			defaultConfigurationName = Release;
		};
/* End XCConfigurationList section */
	};
	rootObject = 92C55A50256B77FF0091C1C4 /* Project object */;
}
